{
  "name": "study-snabbdom",
  "version": "1.0.0",
  "lockfileVersion": 2,
  "requires": true,
  "packages": {
    "": {
      "version": "1.0.0",
      "license": "ISC",
      "devDependencies": {
        "snabbdom": "^3.0.1"
      }
    },
    "node_modules/snabbdom": {
      "version": "3.0.1",
      "resolved": "https://registry.npmjs.org/snabbdom/-/snabbdom-3.0.1.tgz",
      "integrity": "sha512-H4gKokDT1HPe3dlGyTihNw0NtEH9FxZy55MXp3ODM4O30NBRe+11veox1wf/CP9NfGcbStDM3BmO1DFC9/5wRw==",
      "dev": true,
      "engines": {
        "node": ">=8.3.0"
      }
    }
  },
  "dependencies": {
    "snabbdom": {
      "version": "3.0.1",
      "resolved": "https://registry.npmjs.org/snabbdom/-/snabbdom-3.0.1.tgz",
      "integrity": "sha512-H4gKokDT1HPe3dlGyTihNw0NtEH9FxZy55MXp3ODM4O30NBRe+11veox1wf/CP9NfGcbStDM3BmO1DFC9/5wRw==",
      "dev": true
    }
  }
}
